
Microsoft Visual Studio Solution File, Format Version 12.00
# Visual Studio Version 17
VisualStudioVersion = 17.10.34928.147
MinimumVisualStudioVersion = 10.0.40219.1
Project("{FAE04EC0-301F-11D3-BF4B-00C04F79EFBC}") = "MQTTSample", "MQTTSample\MQTTSample.csproj", "{159B63C1-AE5B-440F-A178-BE091C10BA1B}"
EndProject
Global
	GlobalSection(SolutionConfigurationPlatforms) = preSolution
		Debug|Any CPU = Debug|Any CPU
		Release|Any CPU = Release|Any CPU
	EndGlobalSection
	GlobalSection(ProjectConfigurationPlatforms) = postSolution
		{159B63C1-AE5B-440F-A178-BE091C10BA1B}.Debug|Any CPU.ActiveCfg = Debug|Any CPU
		{159B63C1-AE5B-440F-A178-BE091C10BA1B}.Debug|Any CPU.Build.0 = Debug|Any CPU
		{159B63C1-AE5B-440F-A178-BE091C10BA1B}.Release|Any CPU.ActiveCfg = Release|Any CPU
		{159B63C1-AE5B-440F-A178-BE091C10BA1B}.Release|Any CPU.Build.0 = Release|Any CPU
	EndGlobalSection
	GlobalSection(SolutionProperties) = preSolution
		HideSolutionNode = FALSE
	EndGlobalSection
	GlobalSection(ExtensibilityGlobals) = postSolution
		SolutionGuid = {09EAB7AC-5247-46C2-BD89-3193DC663830}
	EndGlobalSection
EndGlobal
